
Microsoft Visual Studio Solution File, Format Version 12.00
# Visual Studio Version 16
VisualStudioVersion = 16.0.33801.447
MinimumVisualStudioVersion = 10.0.40219.1
Project("{FAE04EC0-301F-11D3-BF4B-00C04F79EFBC}") = "ControllerExtensibility", "ControllerExtensibility.csproj", "{BA47FB4C-2500-4941-9898-3FCF655265E0}"
EndProject
Global
	GlobalSection(SolutionConfigurationPlatforms) = preSolution
		Debug|Any CPU = Debug|Any CPU
		Release|Any CPU = Release|Any CPU
	EndGlobalSection
	GlobalSection(ProjectConfigurationPlatforms) = postSolution
		{BA47FB4C-2500-4941-9898-3FCF655265E0}.Debug|Any CPU.ActiveCfg = Debug|Any CPU
		{BA47FB4C-2500-4941-9898-3FCF655265E0}.Debug|Any CPU.Build.0 = Debug|Any CPU
		{BA47FB4C-2500-4941-9898-3FCF655265E0}.Release|Any CPU.ActiveCfg = Release|Any CPU
		{BA47FB4C-2500-4941-9898-3FCF655265E0}.Release|Any CPU.Build.0 = Release|Any CPU
	EndGlobalSection
	GlobalSection(SolutionProperties) = preSolution
		HideSolutionNode = FALSE
	EndGlobalSection
	GlobalSection(ExtensibilityGlobals) = postSolution
		SolutionGuid = {17170D96-115B-4E0D-A23F-A0B828FE3786}
	EndGlobalSection
EndGlobal
