
Microsoft Visual Studio Solution File, Format Version 12.00
# Visual Studio Version 16
VisualStudioVersion = 16.0.33801.447
MinimumVisualStudioVersion = 10.0.40219.1
Project("{FAE04EC0-301F-11D3-BF4B-00C04F79EFBC}") = "WorkingWithRazor", "WorkingWithRazor.csproj", "{E32CD57B-BAF0-4502-B98C-6CEFAA0B5C6E}"
EndProject
Global
	GlobalSection(SolutionConfigurationPlatforms) = preSolution
		Debug|Any CPU = Debug|Any CPU
		Release|Any CPU = Release|Any CPU
	EndGlobalSection
	GlobalSection(ProjectConfigurationPlatforms) = postSolution
		{E32CD57B-BAF0-4502-B98C-6CEFAA0B5C6E}.Debug|Any CPU.ActiveCfg = Debug|Any CPU
		{E32CD57B-BAF0-4502-B98C-6CEFAA0B5C6E}.Debug|Any CPU.Build.0 = Debug|Any CPU
		{E32CD57B-BAF0-4502-B98C-6CEFAA0B5C6E}.Release|Any CPU.ActiveCfg = Release|Any CPU
		{E32CD57B-BAF0-4502-B98C-6CEFAA0B5C6E}.Release|Any CPU.Build.0 = Release|Any CPU
	EndGlobalSection
	GlobalSection(SolutionProperties) = preSolution
		HideSolutionNode = FALSE
	EndGlobalSection
	GlobalSection(ExtensibilityGlobals) = postSolution
		SolutionGuid = {A80AE3CA-ED2D-4C78-8F78-28B418551EA0}
	EndGlobalSection
EndGlobal
